
Microsoft Visual Studio Solution File, Format Version 12.00
# Visual Studio Version 16
VisualStudioVersion = 16.0.808.6
MinimumVisualStudioVersion = 10.0.40219.1
Project("{FAE04EC0-301F-11D3-BF4B-00C04F79EFBC}") = "Blog", "Blog\Blog.csproj", "{63941CAA-7143-493D-8965-5C3B7D5C292F}"
EndProject
Global
	GlobalSection(SolutionConfigurationPlatforms) = preSolution
		Debug|Any CPU = Debug|Any CPU
		Release|Any CPU = Release|Any CPU
	EndGlobalSection
	GlobalSection(ProjectConfigurationPlatforms) = postSolution
		{63941CAA-7143-493D-8965-5C3B7D5C292F}.Debug|Any CPU.ActiveCfg = Debug|Any CPU
		{63941CAA-7143-493D-8965-5C3B7D5C292F}.Debug|Any CPU.Build.0 = Debug|Any CPU
		{63941CAA-7143-493D-8965-5C3B7D5C292F}.Release|Any CPU.ActiveCfg = Release|Any CPU
		{63941CAA-7143-493D-8965-5C3B7D5C292F}.Release|Any CPU.Build.0 = Release|Any CPU
	EndGlobalSection
	GlobalSection(SolutionProperties) = preSolution
		HideSolutionNode = FALSE
	EndGlobalSection
	GlobalSection(ExtensibilityGlobals) = postSolution
		SolutionGuid = {72C344B7-2D8B-4A57-9694-F758F53DFA30}
	EndGlobalSection
EndGlobal
